
Microsoft Visual Studio Solution File, Format Version 12.00
# Visual Studio Version 16
VisualStudioVersion = 16.0.30523.141
MinimumVisualStudioVersion = 10.0.40219.1
Project("{9A19103F-16F7-4668-BE54-9A1E7A4F7556}") = "Mecor.Api", "Mecor.Api\Mecor.Api.csproj", "{6F0345E6-E64C-4364-8E93-C487C490F847}"
EndProject
Project("{E53339B2-1760-4266-BCC7-CA923CBCF16C}") = "docker-compose", "docker-compose.dcproj", "{4FA0F95F-9F21-435A-819F-E322B3CFF644}"
EndProject
Global
	GlobalSection(SolutionConfigurationPlatforms) = preSolution
		Debug|Any CPU = Debug|Any CPU
		Release|Any CPU = Release|Any CPU
	EndGlobalSection
	GlobalSection(ProjectConfigurationPlatforms) = postSolution
		{6F0345E6-E64C-4364-8E93-C487C490F847}.Debug|Any CPU.ActiveCfg = Debug|Any CPU
		{6F0345E6-E64C-4364-8E93-C487C490F847}.Debug|Any CPU.Build.0 = Debug|Any CPU
		{6F0345E6-E64C-4364-8E93-C487C490F847}.Release|Any CPU.ActiveCfg = Release|Any CPU
		{6F0345E6-E64C-4364-8E93-C487C490F847}.Release|Any CPU.Build.0 = Release|Any CPU
		{4FA0F95F-9F21-435A-819F-E322B3CFF644}.Debug|Any CPU.ActiveCfg = Debug|Any CPU
		{4FA0F95F-9F21-435A-819F-E322B3CFF644}.Debug|Any CPU.Build.0 = Debug|Any CPU
		{4FA0F95F-9F21-435A-819F-E322B3CFF644}.Release|Any CPU.ActiveCfg = Release|Any CPU
		{4FA0F95F-9F21-435A-819F-E322B3CFF644}.Release|Any CPU.Build.0 = Release|Any CPU
	EndGlobalSection
	GlobalSection(SolutionProperties) = preSolution
		HideSolutionNode = FALSE
	EndGlobalSection
	GlobalSection(ExtensibilityGlobals) = postSolution
		SolutionGuid = {0DDFA732-0EB6-4803-84CC-70F43E93DAAB}
	EndGlobalSection
EndGlobal
