
Microsoft Visual Studio Solution File, Format Version 12.00
# Visual Studio Version 17
VisualStudioVersion = 17.1.32228.430
MinimumVisualStudioVersion = 10.0.40219.1
Project("{E53339B2-1760-4266-BCC7-CA923CBCF16C}") = "docker-compose", "docker-compose.dcproj", "{4FA0F95F-9F21-435A-819F-E322B3CFF644}"
EndProject
Project("{2150E333-8FDC-42A3-9474-1A3956D46DE8}") = "Solution Items", "Solution Items", "{D514E70B-A1A4-4071-904A-FD14CAD942EE}"
	ProjectSection(SolutionItems) = preProject
		.dockerignore = .dockerignore
		.editorconfig = .editorconfig
		.gitignore = .gitignore
	EndProjectSection
EndProject
Project("{2150E333-8FDC-42A3-9474-1A3956D46DE8}") = "src", "src", "{C2B99156-9C1C-45B6-8253-F96F2624D7D5}"
EndProject
Project("{9A19103F-16F7-4668-BE54-9A1E7A4F7556}") = "Api", "src\Api\Api.csproj", "{4620D2EA-C506-430C-82A6-5B4EF67368F3}"
EndProject
Project("{9A19103F-16F7-4668-BE54-9A1E7A4F7556}") = "Domain", "src\Domain\Domain.csproj", "{D62FA45E-ECF1-452D-9BF0-471387AA8AF5}"
EndProject
Project("{2150E333-8FDC-42A3-9474-1A3956D46DE8}") = "3 - Infra", "3 - Infra", "{F7C15C8B-4976-4B20-A5AF-B61AF9BE63F7}"
EndProject
Project("{2150E333-8FDC-42A3-9474-1A3956D46DE8}") = "1 - Application", "1 - Application", "{C3047D2F-DEE4-474E-99E5-C3D816774235}"
EndProject
Project("{2150E333-8FDC-42A3-9474-1A3956D46DE8}") = "2 - Domain", "2 - Domain", "{1E9E498E-01D7-4D17-8F7F-75A329A18E71}"
EndProject
Project("{FAE04EC0-301F-11D3-BF4B-00C04F79EFBC}") = "MongoDB", "src\Infra\Storage\MongoDB\MongoDB.csproj", "{975B0A17-89C3-420A-AFAE-258B2F0C2D9E}"
EndProject
Global
	GlobalSection(SolutionConfigurationPlatforms) = preSolution
		Debug|Any CPU = Debug|Any CPU
		Release|Any CPU = Release|Any CPU
	EndGlobalSection
	GlobalSection(ProjectConfigurationPlatforms) = postSolution
		{4FA0F95F-9F21-435A-819F-E322B3CFF644}.Debug|Any CPU.ActiveCfg = Debug|Any CPU
		{4FA0F95F-9F21-435A-819F-E322B3CFF644}.Debug|Any CPU.Build.0 = Debug|Any CPU
		{4FA0F95F-9F21-435A-819F-E322B3CFF644}.Release|Any CPU.ActiveCfg = Release|Any CPU
		{4FA0F95F-9F21-435A-819F-E322B3CFF644}.Release|Any CPU.Build.0 = Release|Any CPU
		{4620D2EA-C506-430C-82A6-5B4EF67368F3}.Debug|Any CPU.ActiveCfg = Debug|Any CPU
		{4620D2EA-C506-430C-82A6-5B4EF67368F3}.Debug|Any CPU.Build.0 = Debug|Any CPU
		{4620D2EA-C506-430C-82A6-5B4EF67368F3}.Release|Any CPU.ActiveCfg = Release|Any CPU
		{4620D2EA-C506-430C-82A6-5B4EF67368F3}.Release|Any CPU.Build.0 = Release|Any CPU
		{D62FA45E-ECF1-452D-9BF0-471387AA8AF5}.Debug|Any CPU.ActiveCfg = Debug|Any CPU
		{D62FA45E-ECF1-452D-9BF0-471387AA8AF5}.Debug|Any CPU.Build.0 = Debug|Any CPU
		{D62FA45E-ECF1-452D-9BF0-471387AA8AF5}.Release|Any CPU.ActiveCfg = Release|Any CPU
		{D62FA45E-ECF1-452D-9BF0-471387AA8AF5}.Release|Any CPU.Build.0 = Release|Any CPU
		{975B0A17-89C3-420A-AFAE-258B2F0C2D9E}.Debug|Any CPU.ActiveCfg = Debug|Any CPU
		{975B0A17-89C3-420A-AFAE-258B2F0C2D9E}.Debug|Any CPU.Build.0 = Debug|Any CPU
		{975B0A17-89C3-420A-AFAE-258B2F0C2D9E}.Release|Any CPU.ActiveCfg = Release|Any CPU
		{975B0A17-89C3-420A-AFAE-258B2F0C2D9E}.Release|Any CPU.Build.0 = Release|Any CPU
	EndGlobalSection
	GlobalSection(SolutionProperties) = preSolution
		HideSolutionNode = FALSE
	EndGlobalSection
	GlobalSection(NestedProjects) = preSolution
		{4620D2EA-C506-430C-82A6-5B4EF67368F3} = {C3047D2F-DEE4-474E-99E5-C3D816774235}
		{D62FA45E-ECF1-452D-9BF0-471387AA8AF5} = {1E9E498E-01D7-4D17-8F7F-75A329A18E71}
		{F7C15C8B-4976-4B20-A5AF-B61AF9BE63F7} = {C2B99156-9C1C-45B6-8253-F96F2624D7D5}
		{C3047D2F-DEE4-474E-99E5-C3D816774235} = {C2B99156-9C1C-45B6-8253-F96F2624D7D5}
		{1E9E498E-01D7-4D17-8F7F-75A329A18E71} = {C2B99156-9C1C-45B6-8253-F96F2624D7D5}
		{975B0A17-89C3-420A-AFAE-258B2F0C2D9E} = {F7C15C8B-4976-4B20-A5AF-B61AF9BE63F7}
	EndGlobalSection
	GlobalSection(ExtensibilityGlobals) = postSolution
		SolutionGuid = {0DDFA732-0EB6-4803-84CC-70F43E93DAAB}
	EndGlobalSection
EndGlobal
